
Microsoft Visual Studio Solution File, Format Version 12.00
# Visual Studio 2013
VisualStudioVersion = 12.0.31101.0
MinimumVisualStudioVersion = 10.0.40219.1
Project("{FAE04EC0-301F-11D3-BF4B-00C04F79EFBC}") = "SimpleAddSubtractTool", "ClassLibrary1\SimpleAddSubtractTool.csproj", "{6D788942-8026-40B1-86FC-6438F46B356B}"
EndProject
Project("{FAE04EC0-301F-11D3-BF4B-00C04F79EFBC}") = "SimpleAddSubtractToolTests", "SimpleAddSubtractToolTests\SimpleAddSubtractToolTests.csproj", "{96806366-3AF8-4F1F-9DAA-4403EE9CF07A}"
EndProject
Global
	GlobalSection(SolutionConfigurationPlatforms) = preSolution
		Debug|Any CPU = Debug|Any CPU
		Release|Any CPU = Release|Any CPU
	EndGlobalSection
	GlobalSection(ProjectConfigurationPlatforms) = postSolution
		{6D788942-8026-40B1-86FC-6438F46B356B}.Debug|Any CPU.ActiveCfg = Debug|Any CPU
		{6D788942-8026-40B1-86FC-6438F46B356B}.Debug|Any CPU.Build.0 = Debug|Any CPU
		{6D788942-8026-40B1-86FC-6438F46B356B}.Release|Any CPU.ActiveCfg = Release|Any CPU
		{6D788942-8026-40B1-86FC-6438F46B356B}.Release|Any CPU.Build.0 = Release|Any CPU
		{96806366-3AF8-4F1F-9DAA-4403EE9CF07A}.Debug|Any CPU.ActiveCfg = Debug|Any CPU
		{96806366-3AF8-4F1F-9DAA-4403EE9CF07A}.Debug|Any CPU.Build.0 = Debug|Any CPU
		{96806366-3AF8-4F1F-9DAA-4403EE9CF07A}.Release|Any CPU.ActiveCfg = Release|Any CPU
		{96806366-3AF8-4F1F-9DAA-4403EE9CF07A}.Release|Any CPU.Build.0 = Release|Any CPU
	EndGlobalSection
	GlobalSection(SolutionProperties) = preSolution
		HideSolutionNode = FALSE
	EndGlobalSection
EndGlobal
